// !$*UTF8*$!
{
	archiveVersion = 1;
	classes = {
	};
	objectVersion = 56;
	objects = {

/* Begin PBXBuildFile section */
		A10000000000000000000001 /* BabyPlayerApp.swift in Sources */ = {isa = PBXBuildFile; fileRef = A20000000000000000000001 /* BabyPlayerApp.swift */; };
		A10000000000000000000002 /* JellyfinSpikeClient.swift in Sources */ = {isa = PBXBuildFile; fileRef = A20000000000000000000002 /* JellyfinSpikeClient.swift */; };
		A10000000000000000000003 /* SpikeViewModel.swift in Sources */ = {isa = PBXBuildFile; fileRef = A20000000000000000000003 /* SpikeViewModel.swift */; };
		A10000000000000000000004 /* SpikeRootView.swift in Sources */ = {isa = PBXBuildFile; fileRef = A20000000000000000000004 /* SpikeRootView.swift */; };
		A10000000000000000000005 /* SystemPlayerView.swift in Sources */ = {isa = PBXBuildFile; fileRef = A20000000000000000000005 /* SystemPlayerView.swift */; };
		A10000000000000000000008 /* LyricsRepository.swift in Sources */ = {isa = PBXBuildFile; fileRef = A20000000000000000000008 /* LyricsRepository.swift */; };
		A10000000000000000000009 /* MediaCoverLoader.swift in Sources */ = {isa = PBXBuildFile; fileRef = A20000000000000000000009 /* MediaCoverLoader.swift */; };
		A1000000000000000000000A /* Assets.xcassets in Resources */ = {isa = PBXBuildFile; fileRef = A2000000000000000000000A /* Assets.xcassets */; };
		A1000000000000000000000B /* BabyLyricsCatalog.json in Resources */ = {isa = PBXBuildFile; fileRef = A2000000000000000000000B /* BabyLyricsCatalog.json */; };
/* End PBXBuildFile section */

/* Begin PBXFileReference section */
		A20000000000000000000001 /* BabyPlayerApp.swift */ = {isa = PBXFileReference; lastKnownFileType = sourcecode.swift; path = BabyPlayerApp.swift; sourceTree = "<group>"; };
		A20000000000000000000002 /* JellyfinSpikeClient.swift */ = {isa = PBXFileReference; lastKnownFileType = sourcecode.swift; path = JellyfinSpikeClient.swift; sourceTree = "<group>"; };
		A20000000000000000000003 /* SpikeViewModel.swift */ = {isa = PBXFileReference; lastKnownFileType = sourcecode.swift; path = SpikeViewModel.swift; sourceTree = "<group>"; };
		A20000000000000000000004 /* SpikeRootView.swift */ = {isa = PBXFileReference; lastKnownFileType = sourcecode.swift; path = SpikeRootView.swift; sourceTree = "<group>"; };
		A20000000000000000000005 /* SystemPlayerView.swift */ = {isa = PBXFileReference; lastKnownFileType = sourcecode.swift; path = SystemPlayerView.swift; sourceTree = "<group>"; };
		A20000000000000000000006 /* Info.plist */ = {isa = PBXFileReference; lastKnownFileType = text.plist.xml; path = Info.plist; sourceTree = "<group>"; };
		A20000000000000000000007 /* BabyPlayer.app */ = {isa = PBXFileReference; explicitFileType = wrapper.application; includeInIndex = 0; path = BabyPlayer.app; sourceTree = BUILT_PRODUCTS_DIR; };
		A20000000000000000000008 /* LyricsRepository.swift */ = {isa = PBXFileReference; lastKnownFileType = sourcecode.swift; path = LyricsRepository.swift; sourceTree = "<group>"; };
		A20000000000000000000009 /* MediaCoverLoader.swift */ = {isa = PBXFileReference; lastKnownFileType = sourcecode.swift; path = MediaCoverLoader.swift; sourceTree = "<group>"; };
		A2000000000000000000000A /* Assets.xcassets */ = {isa = PBXFileReference; lastKnownFileType = folder.assetcatalog; path = Assets.xcassets; sourceTree = "<group>"; };
		A2000000000000000000000B /* BabyLyricsCatalog.json */ = {isa = PBXFileReference; lastKnownFileType = text.json; path = BabyLyricsCatalog.json; sourceTree = "<group>"; };
/* End PBXFileReference section */

/* Begin PBXFrameworksBuildPhase section */
		A30000000000000000000001 /* Frameworks */ = {
			isa = PBXFrameworksBuildPhase;
			buildActionMask = 2147483647;
			files = (
			);
			runOnlyForDeploymentPostprocessing = 0;
		};
/* End PBXFrameworksBuildPhase section */

/* Begin PBXGroup section */
		A40000000000000000000001 = {
			isa = PBXGroup;
			children = (
				A40000000000000000000002 /* BabyPlayer */,
				A40000000000000000000003 /* Products */,
			);
			sourceTree = "<group>";
		};
		A40000000000000000000002 /* BabyPlayer */ = {
			isa = PBXGroup;
			children = (
				A20000000000000000000001 /* BabyPlayerApp.swift */,
				A20000000000000000000002 /* JellyfinSpikeClient.swift */,
				A20000000000000000000003 /* SpikeViewModel.swift */,
				A20000000000000000000004 /* SpikeRootView.swift */,
				A20000000000000000000005 /* SystemPlayerView.swift */,
				A20000000000000000000008 /* LyricsRepository.swift */,
				A20000000000000000000009 /* MediaCoverLoader.swift */,
				A2000000000000000000000A /* Assets.xcassets */,
				A2000000000000000000000B /* BabyLyricsCatalog.json */,
				A20000000000000000000006 /* Info.plist */,
			);
			path = BabyPlayer;
			sourceTree = "<group>";
		};
		A40000000000000000000003 /* Products */ = {
			isa = PBXGroup;
			children = (
				A20000000000000000000007 /* BabyPlayer.app */,
			);
			name = Products;
			sourceTree = "<group>";
		};
/* End PBXGroup section */

/* Begin PBXNativeTarget section */
		A50000000000000000000001 /* BabyPlayer */ = {
			isa = PBXNativeTarget;
			buildConfigurationList = A60000000000000000000002 /* Build configuration list for PBXNativeTarget "BabyPlayer" */;
			buildPhases = (
				A70000000000000000000001 /* Sources */,
				A30000000000000000000001 /* Frameworks */,
				A70000000000000000000002 /* Resources */,
			);
			buildRules = (
			);
			dependencies = (
			);
			name = BabyPlayer;
			productName = BabyPlayer;
			productReference = A20000000000000000000007 /* BabyPlayer.app */;
			productType = "com.apple.product-type.application";
		};
/* End PBXNativeTarget section */

/* Begin PBXProject section */
		A80000000000000000000001 /* Project object */ = {
			isa = PBXProject;
			attributes = {
				BuildIndependentTargetsInParallel = 1;
				LastSwiftUpdateCheck = 2630;
				LastUpgradeCheck = 2630;
				TargetAttributes = {
					A50000000000000000000001 = {
						CreatedOnToolsVersion = 26.3;
					};
				};
			};
			buildConfigurationList = A60000000000000000000001 /* Build configuration list for PBXProject "BabyPlayer" */;
			compatibilityVersion = "Xcode 14.0";
			developmentRegion = en;
			hasScannedForEncodings = 0;
			knownRegions = (
				en,
				Base,
			);
			mainGroup = A40000000000000000000001;
			productRefGroup = A40000000000000000000003 /* Products */;
			projectDirPath = "";
			projectRoot = "";
			targets = (
				A50000000000000000000001 /* BabyPlayer */,
			);
		};
/* End PBXProject section */

/* Begin PBXResourcesBuildPhase section */
		A70000000000000000000002 /* Resources */ = {
			isa = PBXResourcesBuildPhase;
			buildActionMask = 2147483647;
			files = (
				A1000000000000000000000A /* Assets.xcassets in Resources */,
				A1000000000000000000000B /* BabyLyricsCatalog.json in Resources */,
			);
			runOnlyForDeploymentPostprocessing = 0;
		};
/* End PBXResourcesBuildPhase section */

/* Begin PBXSourcesBuildPhase section */
		A70000000000000000000001 /* Sources */ = {
			isa = PBXSourcesBuildPhase;
			buildActionMask = 2147483647;
			files = (
				A10000000000000000000001 /* BabyPlayerApp.swift in Sources */,
				A10000000000000000000002 /* JellyfinSpikeClient.swift in Sources */,
				A10000000000000000000003 /* SpikeViewModel.swift in Sources */,
				A10000000000000000000004 /* SpikeRootView.swift in Sources */,
				A10000000000000000000005 /* SystemPlayerView.swift in Sources */,
				A10000000000000000000008 /* LyricsRepository.swift in Sources */,
				A10000000000000000000009 /* MediaCoverLoader.swift in Sources */,
			);
			runOnlyForDeploymentPostprocessing = 0;
		};
/* End PBXSourcesBuildPhase section */

/* Begin XCBuildConfiguration section */
		A90000000000000000000001 /* Debug */ = {
			isa = XCBuildConfiguration;
			buildSettings = {
				ALWAYS_SEARCH_USER_PATHS = NO;
				CLANG_ANALYZER_NONNULL = YES;
				CLANG_ENABLE_MODULES = YES;
				CLANG_ENABLE_OBJC_ARC = YES;
				COPY_PHASE_STRIP = NO;
				DEBUG_INFORMATION_FORMAT = dwarf;
				ENABLE_STRICT_OBJC_MSGSEND = YES;
				ENABLE_TESTABILITY = YES;
				GCC_C_LANGUAGE_STANDARD = gnu17;
				GCC_OPTIMIZATION_LEVEL = 0;
				GCC_PREPROCESSOR_DEFINITIONS = (
					"DEBUG=1",
					"$(inherited)",
				);
				MTL_ENABLE_DEBUG_INFO = INCLUDE_SOURCE;
				ONLY_ACTIVE_ARCH = YES;
				SDKROOT = appletvos;
				SWIFT_ACTIVE_COMPILATION_CONDITIONS = "DEBUG $(inherited)";
				SWIFT_OPTIMIZATION_LEVEL = "-Onone";
			};
			name = Debug;
		};
		A90000000000000000000002 /* Release */ = {
			isa = XCBuildConfiguration;
			buildSettings = {
				ALWAYS_SEARCH_USER_PATHS = NO;
				CLANG_ANALYZER_NONNULL = YES;
				CLANG_ENABLE_MODULES = YES;
				CLANG_ENABLE_OBJC_ARC = YES;
				COPY_PHASE_STRIP = NO;
				DEBUG_INFORMATION_FORMAT = "dwarf-with-dsym";
				ENABLE_NS_ASSERTIONS = NO;
				ENABLE_STRICT_OBJC_MSGSEND = YES;
				GCC_C_LANGUAGE_STANDARD = gnu17;
				MTL_ENABLE_DEBUG_INFO = NO;
				SDKROOT = appletvos;
				SWIFT_COMPILATION_MODE = wholemodule;
			};
			name = Release;
		};
		A90000000000000000000003 /* Debug */ = {
			isa = XCBuildConfiguration;
			buildSettings = {
				CODE_SIGN_STYLE = Automatic;
				CURRENT_PROJECT_VERSION = 1;
				DEVELOPMENT_TEAM = RD2D85V483;
				GENERATE_INFOPLIST_FILE = NO;
				INFOPLIST_FILE = BabyPlayer/Info.plist;
				LD_RUNPATH_SEARCH_PATHS = (
					"$(inherited)",
					"@executable_path/Frameworks",
				);
				MARKETING_VERSION = 0.1;
				PRODUCT_BUNDLE_IDENTIFIER = com.wufengyu.BabyPlayer;
				PRODUCT_NAME = "$(TARGET_NAME)";
				SUPPORTED_PLATFORMS = "appletvos appletvsimulator";
				SWIFT_EMIT_LOC_STRINGS = YES;
				ASSETCATALOG_COMPILER_APPICON_NAME = AppIcon;
				SWIFT_VERSION = 5.0;
				TARGETED_DEVICE_FAMILY = 3;
				TVOS_DEPLOYMENT_TARGET = 18.0;
			};
			name = Debug;
		};
		A90000000000000000000004 /* Release */ = {
			isa = XCBuildConfiguration;
			buildSettings = {
				CODE_SIGN_STYLE = Automatic;
				CURRENT_PROJECT_VERSION = 1;
				DEVELOPMENT_TEAM = RD2D85V483;
				GENERATE_INFOPLIST_FILE = NO;
				INFOPLIST_FILE = BabyPlayer/Info.plist;
				LD_RUNPATH_SEARCH_PATHS = (
					"$(inherited)",
					"@executable_path/Frameworks",
				);
				MARKETING_VERSION = 0.1;
				PRODUCT_BUNDLE_IDENTIFIER = com.wufengyu.BabyPlayer;
				PRODUCT_NAME = "$(TARGET_NAME)";
				SUPPORTED_PLATFORMS = "appletvos appletvsimulator";
				SWIFT_EMIT_LOC_STRINGS = YES;
				ASSETCATALOG_COMPILER_APPICON_NAME = AppIcon;
				SWIFT_VERSION = 5.0;
				TARGETED_DEVICE_FAMILY = 3;
				TVOS_DEPLOYMENT_TARGET = 18.0;
			};
			name = Release;
		};
/* End XCBuildConfiguration section */

/* Begin XCConfigurationList section */
		A60000000000000000000001 /* Build configuration list for PBXProject "BabyPlayer" */ = {
			isa = XCConfigurationList;
			buildConfigurations = (
				A90000000000000000000001 /* Debug */,
				A90000000000000000000002 /* Release */,
			);
			defaultConfigurationIsVisible = 0;
			defaultConfigurationName = Release;
		};
		A60000000000000000000002 /* Build configuration list for PBXNativeTarget "BabyPlayer" */ = {
			isa = XCConfigurationList;
			buildConfigurations = (
				A90000000000000000000003 /* Debug */,
				A90000000000000000000004 /* Release */,
			);
			defaultConfigurationIsVisible = 0;
			defaultConfigurationName = Release;
		};
/* End XCConfigurationList section */
	};
	rootObject = A80000000000000000000001 /* Project object */;
}
